
Microsoft Visual Studio Solution File, Format Version 12.00
# Visual Studio Version 17
VisualStudioVersion = 17.14.36203.30 d17.14
MinimumVisualStudioVersion = 10.0.40219.1
Project("{888888A0-9F3D-457C-B088-3A5042F75D52}") = "Blocks", "Blocks.pyproj", "{9C7D3657-B3D5-4139-97DC-6C30F16BABD8}"
EndProject
Global
	GlobalSection(SolutionConfigurationPlatforms) = preSolution
		Debug|Any CPU = Debug|Any CPU
		Release|Any CPU = Release|Any CPU
	EndGlobalSection
	GlobalSection(ProjectConfigurationPlatforms) = postSolution
		{9C7D3657-B3D5-4139-97DC-6C30F16BABD8}.Debug|Any CPU.ActiveCfg = Debug|Any CPU
		{9C7D3657-B3D5-4139-97DC-6C30F16BABD8}.Release|Any CPU.ActiveCfg = Release|Any CPU
	EndGlobalSection
	GlobalSection(SolutionProperties) = preSolution
		HideSolutionNode = FALSE
	EndGlobalSection
	GlobalSection(ExtensibilityGlobals) = postSolution
		SolutionGuid = {8AD439D0-85F3-43C4-90F3-3C64C85D51DF}
	EndGlobalSection
EndGlobal
